
Microsoft Visual Studio Solution File, Format Version 12.00
# Visual Studio 15
VisualStudioVersion = 15.0.27004.2005
MinimumVisualStudioVersion = 10.0.40219.1
Project("{FAE04EC0-301F-11D3-BF4B-00C04F79EFBC}") = "Defining Classes", "Defining Classes\Defining Classes.csproj", "{ADC58F68-D5F4-4398-826A-1005BD711C4B}"
EndProject
Project("{FAE04EC0-301F-11D3-BF4B-00C04F79EFBC}") = "1. Define a Class Person", "1. Define a Class Person\1. Define a Class Person.csproj", "{0E56DC40-9A51-46EA-9BE3-CF000EA24AEA}"
EndProject
Project("{FAE04EC0-301F-11D3-BF4B-00C04F79EFBC}") = "3. Opinion Poll", "3. Opinion Poll\3. Opinion Poll.csproj", "{E9D77736-6AF2-4365-8F2D-38FD0DE4D41D}"
EndProject
Project("{FAE04EC0-301F-11D3-BF4B-00C04F79EFBC}") = "4. Speed Racing", "4. Speed Racing\4. Speed Racing.csproj", "{186DD766-5101-4790-92CD-F94F6912345F}"
EndProject
Project("{FAE04EC0-301F-11D3-BF4B-00C04F79EFBC}") = "5. Company Roster", "5. Company Roster\5. Company Roster.csproj", "{B0E87B24-4FB4-462C-A571-9A78C6A5A399}"
EndProject
Global
	GlobalSection(SolutionConfigurationPlatforms) = preSolution
		Debug|Any CPU = Debug|Any CPU
		Release|Any CPU = Release|Any CPU
	EndGlobalSection
	GlobalSection(ProjectConfigurationPlatforms) = postSolution
		{ADC58F68-D5F4-4398-826A-1005BD711C4B}.Debug|Any CPU.ActiveCfg = Debug|Any CPU
		{ADC58F68-D5F4-4398-826A-1005BD711C4B}.Debug|Any CPU.Build.0 = Debug|Any CPU
		{ADC58F68-D5F4-4398-826A-1005BD711C4B}.Release|Any CPU.ActiveCfg = Release|Any CPU
		{ADC58F68-D5F4-4398-826A-1005BD711C4B}.Release|Any CPU.Build.0 = Release|Any CPU
		{0E56DC40-9A51-46EA-9BE3-CF000EA24AEA}.Debug|Any CPU.ActiveCfg = Debug|Any CPU
		{0E56DC40-9A51-46EA-9BE3-CF000EA24AEA}.Debug|Any CPU.Build.0 = Debug|Any CPU
		{0E56DC40-9A51-46EA-9BE3-CF000EA24AEA}.Release|Any CPU.ActiveCfg = Release|Any CPU
		{0E56DC40-9A51-46EA-9BE3-CF000EA24AEA}.Release|Any CPU.Build.0 = Release|Any CPU
		{E9D77736-6AF2-4365-8F2D-38FD0DE4D41D}.Debug|Any CPU.ActiveCfg = Debug|Any CPU
		{E9D77736-6AF2-4365-8F2D-38FD0DE4D41D}.Debug|Any CPU.Build.0 = Debug|Any CPU
		{E9D77736-6AF2-4365-8F2D-38FD0DE4D41D}.Release|Any CPU.ActiveCfg = Release|Any CPU
		{E9D77736-6AF2-4365-8F2D-38FD0DE4D41D}.Release|Any CPU.Build.0 = Release|Any CPU
		{186DD766-5101-4790-92CD-F94F6912345F}.Debug|Any CPU.ActiveCfg = Debug|Any CPU
		{186DD766-5101-4790-92CD-F94F6912345F}.Debug|Any CPU.Build.0 = Debug|Any CPU
		{186DD766-5101-4790-92CD-F94F6912345F}.Release|Any CPU.ActiveCfg = Release|Any CPU
		{186DD766-5101-4790-92CD-F94F6912345F}.Release|Any CPU.Build.0 = Release|Any CPU
		{B0E87B24-4FB4-462C-A571-9A78C6A5A399}.Debug|Any CPU.ActiveCfg = Debug|Any CPU
		{B0E87B24-4FB4-462C-A571-9A78C6A5A399}.Debug|Any CPU.Build.0 = Debug|Any CPU
		{B0E87B24-4FB4-462C-A571-9A78C6A5A399}.Release|Any CPU.ActiveCfg = Release|Any CPU
		{B0E87B24-4FB4-462C-A571-9A78C6A5A399}.Release|Any CPU.Build.0 = Release|Any CPU
	EndGlobalSection
	GlobalSection(SolutionProperties) = preSolution
		HideSolutionNode = FALSE
	EndGlobalSection
	GlobalSection(ExtensibilityGlobals) = postSolution
		SolutionGuid = {047FBBAF-DA31-437C-801E-BA760264E637}
	EndGlobalSection
EndGlobal
