
Microsoft Visual Studio Solution File, Format Version 12.00
# Visual Studio 14
VisualStudioVersion = 14.0.25420.1
MinimumVisualStudioVersion = 10.0.40219.1
Project("{FAE04EC0-301F-11D3-BF4B-00C04F79EFBC}") = "1. Sino The Walker", "1. Sino The Walker\1. Sino The Walker.csproj", "{CC9323DB-B15A-4349-AEB2-3C18112C1073}"
EndProject
Project("{FAE04EC0-301F-11D3-BF4B-00C04F79EFBC}") = "2. SoftUni Karaoke", "2. SoftUni Karaoke\2. SoftUni Karaoke.csproj", "{CF212A70-65E4-4950-A0B2-574E6C3DEE3B}"
EndProject
Project("{FAE04EC0-301F-11D3-BF4B-00C04F79EFBC}") = "3. Endurance Rally", "3. Endurance Rally\3. Endurance Rally.csproj", "{B2F5A76E-6C94-4DBA-B12C-36D8B908BFF5}"
EndProject
Project("{FAE04EC0-301F-11D3-BF4B-00C04F79EFBC}") = "4. Winning Ticket", "4. Winning Ticket\4. Winning Ticket.csproj", "{00CFC7DA-E2D3-44F8-8584-36DEE9CC16D8}"
EndProject
Global
	GlobalSection(SolutionConfigurationPlatforms) = preSolution
		Debug|Any CPU = Debug|Any CPU
		Release|Any CPU = Release|Any CPU
	EndGlobalSection
	GlobalSection(ProjectConfigurationPlatforms) = postSolution
		{CC9323DB-B15A-4349-AEB2-3C18112C1073}.Debug|Any CPU.ActiveCfg = Debug|Any CPU
		{CC9323DB-B15A-4349-AEB2-3C18112C1073}.Debug|Any CPU.Build.0 = Debug|Any CPU
		{CC9323DB-B15A-4349-AEB2-3C18112C1073}.Release|Any CPU.ActiveCfg = Release|Any CPU
		{CC9323DB-B15A-4349-AEB2-3C18112C1073}.Release|Any CPU.Build.0 = Release|Any CPU
		{CF212A70-65E4-4950-A0B2-574E6C3DEE3B}.Debug|Any CPU.ActiveCfg = Debug|Any CPU
		{CF212A70-65E4-4950-A0B2-574E6C3DEE3B}.Debug|Any CPU.Build.0 = Debug|Any CPU
		{CF212A70-65E4-4950-A0B2-574E6C3DEE3B}.Release|Any CPU.ActiveCfg = Release|Any CPU
		{CF212A70-65E4-4950-A0B2-574E6C3DEE3B}.Release|Any CPU.Build.0 = Release|Any CPU
		{B2F5A76E-6C94-4DBA-B12C-36D8B908BFF5}.Debug|Any CPU.ActiveCfg = Debug|Any CPU
		{B2F5A76E-6C94-4DBA-B12C-36D8B908BFF5}.Debug|Any CPU.Build.0 = Debug|Any CPU
		{B2F5A76E-6C94-4DBA-B12C-36D8B908BFF5}.Release|Any CPU.ActiveCfg = Release|Any CPU
		{B2F5A76E-6C94-4DBA-B12C-36D8B908BFF5}.Release|Any CPU.Build.0 = Release|Any CPU
		{00CFC7DA-E2D3-44F8-8584-36DEE9CC16D8}.Debug|Any CPU.ActiveCfg = Debug|Any CPU
		{00CFC7DA-E2D3-44F8-8584-36DEE9CC16D8}.Debug|Any CPU.Build.0 = Debug|Any CPU
		{00CFC7DA-E2D3-44F8-8584-36DEE9CC16D8}.Release|Any CPU.ActiveCfg = Release|Any CPU
		{00CFC7DA-E2D3-44F8-8584-36DEE9CC16D8}.Release|Any CPU.Build.0 = Release|Any CPU
	EndGlobalSection
	GlobalSection(SolutionProperties) = preSolution
		HideSolutionNode = FALSE
	EndGlobalSection
EndGlobal
