
Microsoft Visual Studio Solution File, Format Version 12.00
# Visual Studio 15
VisualStudioVersion = 15.0.27004.2005
MinimumVisualStudioVersion = 10.0.40219.1
Project("{FAE04EC0-301F-11D3-BF4B-00C04F79EFBC}") = "P01_StudentSystem.Data", "P01_StudentSystem.Data\P01_StudentSystem.Data.csproj", "{07D4B501-D475-42E3-8397-81AB46A401E8}"
EndProject
Project("{FAE04EC0-301F-11D3-BF4B-00C04F79EFBC}") = "P01_StudentSystem.Data.Models", "P01_StudentSystem.Data.Models\P01_StudentSystem.Data.Models.csproj", "{226320B7-977A-4315-93FF-A0C7E6DD5400}"
EndProject
Project("{FAE04EC0-301F-11D3-BF4B-00C04F79EFBC}") = "P01_StudentSystem", "P01_StudentSystem\P01_StudentSystem.csproj", "{9620C4C0-8ED5-4107-82E1-098DD066BBDC}"
EndProject
Global
	GlobalSection(SolutionConfigurationPlatforms) = preSolution
		Debug|Any CPU = Debug|Any CPU
		Release|Any CPU = Release|Any CPU
	EndGlobalSection
	GlobalSection(ProjectConfigurationPlatforms) = postSolution
		{07D4B501-D475-42E3-8397-81AB46A401E8}.Debug|Any CPU.ActiveCfg = Debug|Any CPU
		{07D4B501-D475-42E3-8397-81AB46A401E8}.Debug|Any CPU.Build.0 = Debug|Any CPU
		{07D4B501-D475-42E3-8397-81AB46A401E8}.Release|Any CPU.ActiveCfg = Release|Any CPU
		{07D4B501-D475-42E3-8397-81AB46A401E8}.Release|Any CPU.Build.0 = Release|Any CPU
		{226320B7-977A-4315-93FF-A0C7E6DD5400}.Debug|Any CPU.ActiveCfg = Debug|Any CPU
		{226320B7-977A-4315-93FF-A0C7E6DD5400}.Debug|Any CPU.Build.0 = Debug|Any CPU
		{226320B7-977A-4315-93FF-A0C7E6DD5400}.Release|Any CPU.ActiveCfg = Release|Any CPU
		{226320B7-977A-4315-93FF-A0C7E6DD5400}.Release|Any CPU.Build.0 = Release|Any CPU
		{9620C4C0-8ED5-4107-82E1-098DD066BBDC}.Debug|Any CPU.ActiveCfg = Debug|Any CPU
		{9620C4C0-8ED5-4107-82E1-098DD066BBDC}.Debug|Any CPU.Build.0 = Debug|Any CPU
		{9620C4C0-8ED5-4107-82E1-098DD066BBDC}.Release|Any CPU.ActiveCfg = Release|Any CPU
		{9620C4C0-8ED5-4107-82E1-098DD066BBDC}.Release|Any CPU.Build.0 = Release|Any CPU
	EndGlobalSection
	GlobalSection(SolutionProperties) = preSolution
		HideSolutionNode = FALSE
	EndGlobalSection
	GlobalSection(ExtensibilityGlobals) = postSolution
		SolutionGuid = {BEF312E3-CE05-4EDC-BFBC-64C665D195F1}
	EndGlobalSection
EndGlobal
