
Microsoft Visual Studio Solution File, Format Version 12.00
# Visual Studio 15
VisualStudioVersion = 15.0.27004.2005
MinimumVisualStudioVersion = 10.0.40219.1
Project("{FAE04EC0-301F-11D3-BF4B-00C04F79EFBC}") = "P03_FootballBetting.App", "P03_FootballBetting.App\P03_FootballBetting.App.csproj", "{BCD40050-7B2D-4DAA-9E26-01DF14EDAAFE}"
EndProject
Project("{FAE04EC0-301F-11D3-BF4B-00C04F79EFBC}") = "P03_FootballBetting.Data", "P03_FootballBetting.Data\P03_FootballBetting.Data.csproj", "{463EB805-8632-4F59-BC8D-EAE0C8996193}"
EndProject
Project("{FAE04EC0-301F-11D3-BF4B-00C04F79EFBC}") = "P03_FootballBetting.Data.Models", "P03_FootballBetting.Data.Models\P03_FootballBetting.Data.Models.csproj", "{BCDC56F1-7560-49C5-A496-23E45B0AB13D}"
EndProject
Global
	GlobalSection(SolutionConfigurationPlatforms) = preSolution
		Debug|Any CPU = Debug|Any CPU
		Release|Any CPU = Release|Any CPU
	EndGlobalSection
	GlobalSection(ProjectConfigurationPlatforms) = postSolution
		{BCD40050-7B2D-4DAA-9E26-01DF14EDAAFE}.Debug|Any CPU.ActiveCfg = Debug|Any CPU
		{BCD40050-7B2D-4DAA-9E26-01DF14EDAAFE}.Debug|Any CPU.Build.0 = Debug|Any CPU
		{BCD40050-7B2D-4DAA-9E26-01DF14EDAAFE}.Release|Any CPU.ActiveCfg = Release|Any CPU
		{BCD40050-7B2D-4DAA-9E26-01DF14EDAAFE}.Release|Any CPU.Build.0 = Release|Any CPU
		{463EB805-8632-4F59-BC8D-EAE0C8996193}.Debug|Any CPU.ActiveCfg = Debug|Any CPU
		{463EB805-8632-4F59-BC8D-EAE0C8996193}.Debug|Any CPU.Build.0 = Debug|Any CPU
		{463EB805-8632-4F59-BC8D-EAE0C8996193}.Release|Any CPU.ActiveCfg = Release|Any CPU
		{463EB805-8632-4F59-BC8D-EAE0C8996193}.Release|Any CPU.Build.0 = Release|Any CPU
		{BCDC56F1-7560-49C5-A496-23E45B0AB13D}.Debug|Any CPU.ActiveCfg = Debug|Any CPU
		{BCDC56F1-7560-49C5-A496-23E45B0AB13D}.Debug|Any CPU.Build.0 = Debug|Any CPU
		{BCDC56F1-7560-49C5-A496-23E45B0AB13D}.Release|Any CPU.ActiveCfg = Release|Any CPU
		{BCDC56F1-7560-49C5-A496-23E45B0AB13D}.Release|Any CPU.Build.0 = Release|Any CPU
	EndGlobalSection
	GlobalSection(SolutionProperties) = preSolution
		HideSolutionNode = FALSE
	EndGlobalSection
	GlobalSection(ExtensibilityGlobals) = postSolution
		SolutionGuid = {6D8A3D71-4BBE-44C3-8595-B86886B2FFE4}
	EndGlobalSection
EndGlobal
